
Microsoft Visual Studio Solution File, Format Version 12.00
# Visual Studio 15
VisualStudioVersion = 15.0.27703.2035
MinimumVisualStudioVersion = 10.0.40219.1
Project("{FAE04EC0-301F-11D3-BF4B-00C04F79EFBC}") = "AntoniolaCrawler", "AntoniolaCrawler\AntoniolaCrawler.csproj", "{D066DA44-42EF-49AD-ACA5-58A356332CBF}"
EndProject
Global
	GlobalSection(SolutionConfigurationPlatforms) = preSolution
		Debug|Any CPU = Debug|Any CPU
		Release|Any CPU = Release|Any CPU
	EndGlobalSection
	GlobalSection(ProjectConfigurationPlatforms) = postSolution
		{D066DA44-42EF-49AD-ACA5-58A356332CBF}.Debug|Any CPU.ActiveCfg = Debug|Any CPU
		{D066DA44-42EF-49AD-ACA5-58A356332CBF}.Debug|Any CPU.Build.0 = Debug|Any CPU
		{D066DA44-42EF-49AD-ACA5-58A356332CBF}.Release|Any CPU.ActiveCfg = Release|Any CPU
		{D066DA44-42EF-49AD-ACA5-58A356332CBF}.Release|Any CPU.Build.0 = Release|Any CPU
	EndGlobalSection
	GlobalSection(SolutionProperties) = preSolution
		HideSolutionNode = FALSE
	EndGlobalSection
	GlobalSection(ExtensibilityGlobals) = postSolution
		SolutionGuid = {C23ABC31-42B0-4DA7-97CA-3CC62A1F1119}
	EndGlobalSection
EndGlobal
